
Microsoft Visual Studio Solution File, Format Version 12.00
# Visual Studio Version 17
VisualStudioVersion = 17.5.33627.172
MinimumVisualStudioVersion = 10.0.40219.1
Project("{F184B08F-C81C-45F6-A57F-5ABD9991F28F}") = "WinFormsApp6", "WinFormsApp6.vbproj", "{E813BCEB-FC53-4755-97F7-B67A9152E23B}"
EndProject
Global
	GlobalSection(SolutionConfigurationPlatforms) = preSolution
		Debug|Any CPU = Debug|Any CPU
		Release|Any CPU = Release|Any CPU
	EndGlobalSection
	GlobalSection(ProjectConfigurationPlatforms) = postSolution
		{E813BCEB-FC53-4755-97F7-B67A9152E23B}.Debug|Any CPU.ActiveCfg = Debug|Any CPU
		{E813BCEB-FC53-4755-97F7-B67A9152E23B}.Debug|Any CPU.Build.0 = Debug|Any CPU
		{E813BCEB-FC53-4755-97F7-B67A9152E23B}.Release|Any CPU.ActiveCfg = Release|Any CPU
		{E813BCEB-FC53-4755-97F7-B67A9152E23B}.Release|Any CPU.Build.0 = Release|Any CPU
	EndGlobalSection
	GlobalSection(SolutionProperties) = preSolution
		HideSolutionNode = FALSE
	EndGlobalSection
	GlobalSection(ExtensibilityGlobals) = postSolution
		SolutionGuid = {916D5A2C-677B-47F8-9780-B5617E345E77}
	EndGlobalSection
EndGlobal
